
Microsoft Visual Studio Solution File, Format Version 12.00
# Visual Studio Version 17
VisualStudioVersion = 17.0.32112.339
MinimumVisualStudioVersion = 10.0.40219.1
Project("{9A19103F-16F7-4668-BE54-9A1E7A4F7556}") = "Business", "Business\Business.csproj", "{2EA32CDB-D27D-4A9B-A792-4A6B957B6420}"
EndProject
Project("{9A19103F-16F7-4668-BE54-9A1E7A4F7556}") = "DataContracts", "DataContracts\DataContracts.csproj", "{A2A2BF34-98E7-400D-A540-FFCDC7B5C749}"
EndProject
Project("{9A19103F-16F7-4668-BE54-9A1E7A4F7556}") = "Application", "Application\Application.csproj", "{AD27F9A6-64E4-4B70-AD5E-49B93136BAC0}"
EndProject
Project("{2150E333-8FDC-42A3-9474-1A3956D46DE8}") = "Solution Items", "Solution Items", "{14CCF636-C851-47C7-942E-C0710BD4BF13}"
	ProjectSection(SolutionItems) = preProject
		Appsys C# task.pdf = Appsys C# task.pdf
	EndProjectSection
EndProject
Project("{FAE04EC0-301F-11D3-BF4B-00C04F79EFBC}") = "Infrastructure", "Infrastructure\Infrastructure.csproj", "{C6178784-2D17-48D5-BCEF-1E7380C6BCC6}"
EndProject
Global
	GlobalSection(SolutionConfigurationPlatforms) = preSolution
		Debug|Any CPU = Debug|Any CPU
		Release|Any CPU = Release|Any CPU
	EndGlobalSection
	GlobalSection(ProjectConfigurationPlatforms) = postSolution
		{2EA32CDB-D27D-4A9B-A792-4A6B957B6420}.Debug|Any CPU.ActiveCfg = Debug|Any CPU
		{2EA32CDB-D27D-4A9B-A792-4A6B957B6420}.Debug|Any CPU.Build.0 = Debug|Any CPU
		{2EA32CDB-D27D-4A9B-A792-4A6B957B6420}.Release|Any CPU.ActiveCfg = Release|Any CPU
		{2EA32CDB-D27D-4A9B-A792-4A6B957B6420}.Release|Any CPU.Build.0 = Release|Any CPU
		{A2A2BF34-98E7-400D-A540-FFCDC7B5C749}.Debug|Any CPU.ActiveCfg = Debug|Any CPU
		{A2A2BF34-98E7-400D-A540-FFCDC7B5C749}.Debug|Any CPU.Build.0 = Debug|Any CPU
		{A2A2BF34-98E7-400D-A540-FFCDC7B5C749}.Release|Any CPU.ActiveCfg = Release|Any CPU
		{A2A2BF34-98E7-400D-A540-FFCDC7B5C749}.Release|Any CPU.Build.0 = Release|Any CPU
		{AD27F9A6-64E4-4B70-AD5E-49B93136BAC0}.Debug|Any CPU.ActiveCfg = Debug|Any CPU
		{AD27F9A6-64E4-4B70-AD5E-49B93136BAC0}.Debug|Any CPU.Build.0 = Debug|Any CPU
		{AD27F9A6-64E4-4B70-AD5E-49B93136BAC0}.Release|Any CPU.ActiveCfg = Release|Any CPU
		{AD27F9A6-64E4-4B70-AD5E-49B93136BAC0}.Release|Any CPU.Build.0 = Release|Any CPU
		{C6178784-2D17-48D5-BCEF-1E7380C6BCC6}.Debug|Any CPU.ActiveCfg = Debug|Any CPU
		{C6178784-2D17-48D5-BCEF-1E7380C6BCC6}.Debug|Any CPU.Build.0 = Debug|Any CPU
		{C6178784-2D17-48D5-BCEF-1E7380C6BCC6}.Release|Any CPU.ActiveCfg = Release|Any CPU
		{C6178784-2D17-48D5-BCEF-1E7380C6BCC6}.Release|Any CPU.Build.0 = Release|Any CPU
	EndGlobalSection
	GlobalSection(SolutionProperties) = preSolution
		HideSolutionNode = FALSE
	EndGlobalSection
	GlobalSection(ExtensibilityGlobals) = postSolution
		SolutionGuid = {C9B845FE-17D8-43EB-A882-AFED5E819144}
	EndGlobalSection
EndGlobal
